// !$*UTF8*$!
{
	archiveVersion = 1;
	classes = {
	};
	objectVersion = 45;
	objects = {

/* Begin PBXBuildFile section */
		1D3623260D0F684500981E51 /* iTgLegacy2AppDelegate.m in Sources */ = {isa = PBXBuildFile; fileRef = 1D3623250D0F684500981E51 /* iTgLegacy2AppDelegate.m */; };
		1D60589B0D05DD56006BFB54 /* main.m in Sources */ = {isa = PBXBuildFile; fileRef = 29B97316FDCFA39411CA2CEA /* main.m */; };
		1D60589F0D05DD5A006BFB54 /* Foundation.framework in Frameworks */ = {isa = PBXBuildFile; fileRef = 1D30AB110D05D00D00671497 /* Foundation.framework */; };
		1DF5F4E00D08C38300B7A737 /* UIKit.framework in Frameworks */ = {isa = PBXBuildFile; fileRef = 1DF5F4DF0D08C38300B7A737 /* UIKit.framework */; };
		2892E4100DC94CBA00A64D0F /* CoreGraphics.framework in Frameworks */ = {isa = PBXBuildFile; fileRef = 2892E40F0DC94CBA00A64D0F /* CoreGraphics.framework */; };
		2899E5600DE3E45000AC0155 /* RootViewController.xib in Resources */ = {isa = PBXBuildFile; fileRef = 2899E55F0DE3E45000AC0155 /* RootViewController.xib */; };
		28AD73600D9D9599002E5188 /* MainWindow.xib in Resources */ = {isa = PBXBuildFile; fileRef = 28AD735F0D9D9599002E5188 /* MainWindow.xib */; };
		28C286E10D94DF7D0034E888 /* RootViewController.m in Sources */ = {isa = PBXBuildFile; fileRef = 28C286E00D94DF7D0034E888 /* RootViewController.m */; };
		AFAF28522E90EEA400AF3E67 /* CoreData.framework in Frameworks */ = {isa = PBXBuildFile; fileRef = AFAF28512E90EEA400AF3E67 /* CoreData.framework */; };
		AFAF286A2E90F07B00AF3E67 /* tg.xcdatamodel in Sources */ = {isa = PBXBuildFile; fileRef = AFAF28692E90F07B00AF3E67 /* tg.xcdatamodel */; };
		AFAF286F2E91038300AF3E67 /* Message.m in Sources */ = {isa = PBXBuildFile; fileRef = AFAF286E2E91038300AF3E67 /* Message.m */; };
		AFAF287F2E91053800AF3E67 /* MessageAction.m in Sources */ = {isa = PBXBuildFile; fileRef = AFAF287E2E91053800AF3E67 /* MessageAction.m */; };
		AFAF28822E91058B00AF3E67 /* Peer.m in Sources */ = {isa = PBXBuildFile; fileRef = AFAF28812E91058B00AF3E67 /* Peer.m */; };
		AFAF288B2E91060100AF3E67 /* Dialog.m in Sources */ = {isa = PBXBuildFile; fileRef = AFAF288A2E91060100AF3E67 /* Dialog.m */; };
		AFAF28902E91066500AF3E67 /* ChatPhoto.m in Sources */ = {isa = PBXBuildFile; fileRef = AFAF288F2E91066500AF3E67 /* ChatPhoto.m */; };
		AFDFE2832E95C61D00F93B60 /* pub.pkcs in Resources */ = {isa = PBXBuildFile; fileRef = AFDFE2822E95C61D00F93B60 /* pub.pkcs */; };
		AFDFE2882E95C6C800F93B60 /* ConnectionManager.m in Sources */ = {isa = PBXBuildFile; fileRef = AFDFE2872E95C6C800F93B60 /* ConnectionManager.m */; };
		AFE771012E95C092006B1E79 /* libmtx.a in Frameworks */ = {isa = PBXBuildFile; fileRef = AFE770F32E95C05E006B1E79 /* libmtx.a */; };
		AFE771052E95C0D5006B1E79 /* clock_gettime.c in Sources */ = {isa = PBXBuildFile; fileRef = AFE771042E95C0D5006B1E79 /* clock_gettime.c */; };
		AFE771212E95C0E5006B1E79 /* tgt.c in Sources */ = {isa = PBXBuildFile; fileRef = AFE771062E95C0E5006B1E79 /* tgt.c */; };
		AFE771222E95C0E5006B1E79 /* buf.c in Sources */ = {isa = PBXBuildFile; fileRef = AFE771072E95C0E5006B1E79 /* buf.c */; };
		AFE771232E95C0E5006B1E79 /* app.c in Sources */ = {isa = PBXBuildFile; fileRef = AFE771082E95C0E5006B1E79 /* app.c */; };
		AFE771242E95C0E5006B1E79 /* api.c in Sources */ = {isa = PBXBuildFile; fileRef = AFE771092E95C0E5006B1E79 /* api.c */; };
		AFE771252E95C0E5006B1E79 /* aes.c in Sources */ = {isa = PBXBuildFile; fileRef = AFE7710A2E95C0E5006B1E79 /* aes.c */; };
		AFE771262E95C0E5006B1E79 /* fact.cpp in Sources */ = {isa = PBXBuildFile; fileRef = AFE7710B2E95C0E5006B1E79 /* fact.cpp */; };
		AFE771272E95C0E5006B1E79 /* enl.c in Sources */ = {isa = PBXBuildFile; fileRef = AFE7710C2E95C0E5006B1E79 /* enl.c */; };
		AFE771282E95C0E5006B1E79 /* types.c in Sources */ = {isa = PBXBuildFile; fileRef = AFE7710D2E95C0E5006B1E79 /* types.c */; };
		AFE771292E95C0E5006B1E79 /* trl.c in Sources */ = {isa = PBXBuildFile; fileRef = AFE7710E2E95C0E5006B1E79 /* trl.c */; };
		AFE7712A2E95C0E5006B1E79 /* tml.c in Sources */ = {isa = PBXBuildFile; fileRef = AFE7710F2E95C0E5006B1E79 /* tml.c */; };
		AFE7712B2E95C0E5006B1E79 /* stk.c in Sources */ = {isa = PBXBuildFile; fileRef = AFE771102E95C0E5006B1E79 /* stk.c */; };
		AFE7712C2E95C0E5006B1E79 /* std.c in Sources */ = {isa = PBXBuildFile; fileRef = AFE771112E95C0E5006B1E79 /* std.c */; };
		AFE7712D2E95C0E5006B1E79 /* srl.c in Sources */ = {isa = PBXBuildFile; fileRef = AFE771122E95C0E5006B1E79 /* srl.c */; };
		AFE7712E2E95C0E5006B1E79 /* sil.c in Sources */ = {isa = PBXBuildFile; fileRef = AFE771132E95C0E5006B1E79 /* sil.c */; };
		AFE7712F2E95C0E5006B1E79 /* sha256.c in Sources */ = {isa = PBXBuildFile; fileRef = AFE771142E95C0E5006B1E79 /* sha256.c */; };
		AFE771302E95C0E5006B1E79 /* sha1.c in Sources */ = {isa = PBXBuildFile; fileRef = AFE771152E95C0E5006B1E79 /* sha1.c */; };
		AFE771312E95C0E5006B1E79 /* sel.c in Sources */ = {isa = PBXBuildFile; fileRef = AFE771162E95C0E5006B1E79 /* sel.c */; };
		AFE771322E95C0E5006B1E79 /* scl.c in Sources */ = {isa = PBXBuildFile; fileRef = AFE771172E95C0E5006B1E79 /* scl.c */; };
		AFE771332E95C0E5006B1E79 /* rsa.c in Sources */ = {isa = PBXBuildFile; fileRef = AFE771182E95C0E5006B1E79 /* rsa.c */; };
		AFE771342E95C0E5006B1E79 /* rfc.c in Sources */ = {isa = PBXBuildFile; fileRef = AFE771192E95C0E5006B1E79 /* rfc.c */; };
		AFE771352E95C0E5006B1E79 /* net.c in Sources */ = {isa = PBXBuildFile; fileRef = AFE7711A2E95C0E5006B1E79 /* net.c */; };
		AFE771362E95C0E5006B1E79 /* log.c in Sources */ = {isa = PBXBuildFile; fileRef = AFE7711B2E95C0E5006B1E79 /* log.c */; };
		AFE771372E95C0E5006B1E79 /* hsh.c in Sources */ = {isa = PBXBuildFile; fileRef = AFE7711C2E95C0E5006B1E79 /* hsh.c */; };
		AFE771382E95C0E5006B1E79 /* hdl.c in Sources */ = {isa = PBXBuildFile; fileRef = AFE7711D2E95C0E5006B1E79 /* hdl.c */; };
		AFE771392E95C0E5006B1E79 /* cry.c in Sources */ = {isa = PBXBuildFile; fileRef = AFE7711E2E95C0E5006B1E79 /* cry.c */; };
		AFE7713A2E95C0E5006B1E79 /* crc.c in Sources */ = {isa = PBXBuildFile; fileRef = AFE7711F2E95C0E5006B1E79 /* crc.c */; };
		AFE7713B2E95C0E5006B1E79 /* cmn.c in Sources */ = {isa = PBXBuildFile; fileRef = AFE771202E95C0E5006B1E79 /* cmn.c */; };
		AFE771452E95C120006B1E79 /* libcrypto.a in Frameworks */ = {isa = PBXBuildFile; fileRef = AFE771442E95C120006B1E79 /* libcrypto.a */; };
		AFE771582E95C261006B1E79 /* tests.m in Sources */ = {isa = PBXBuildFile; fileRef = AFE771572E95C261006B1E79 /* tests.m */; };
		AFE7717F2E95C375006B1E79 /* libstdc++.6.dylib in Frameworks */ = {isa = PBXBuildFile; fileRef = AFE7717E2E95C375006B1E79 /* libstdc++.6.dylib */; };
		AFE771832E95C3A7006B1E79 /* libz.dylib in Frameworks */ = {isa = PBXBuildFile; fileRef = AFE771822E95C3A7006B1E79 /* libz.dylib */; };
/* End PBXBuildFile section */

/* Begin PBXContainerItemProxy section */
		AFE770FF2E95C08E006B1E79 /* PBXContainerItemProxy */ = {
			isa = PBXContainerItemProxy;
			containerPortal = 29B97313FDCFA39411CA2CEA /* Project object */;
			proxyType = 1;
			remoteGlobalIDString = AFE770F22E95C05E006B1E79;
			remoteInfo = mtx;
		};
/* End PBXContainerItemProxy section */

/* Begin PBXFileReference section */
		1D30AB110D05D00D00671497 /* Foundation.framework */ = {isa = PBXFileReference; lastKnownFileType = wrapper.framework; name = Foundation.framework; path = System/Library/Frameworks/Foundation.framework; sourceTree = SDKROOT; };
		1D3623240D0F684500981E51 /* iTgLegacy2AppDelegate.h */ = {isa = PBXFileReference; fileEncoding = 4; lastKnownFileType = sourcecode.c.h; path = iTgLegacy2AppDelegate.h; sourceTree = "<group>"; };
		1D3623250D0F684500981E51 /* iTgLegacy2AppDelegate.m */ = {isa = PBXFileReference; fileEncoding = 4; lastKnownFileType = sourcecode.c.objc; path = iTgLegacy2AppDelegate.m; sourceTree = "<group>"; };
		1D6058910D05DD3D006BFB54 /* iTgLegacy2.app */ = {isa = PBXFileReference; explicitFileType = wrapper.application; includeInIndex = 0; path = iTgLegacy2.app; sourceTree = BUILT_PRODUCTS_DIR; };
		1DF5F4DF0D08C38300B7A737 /* UIKit.framework */ = {isa = PBXFileReference; lastKnownFileType = wrapper.framework; name = UIKit.framework; path = System/Library/Frameworks/UIKit.framework; sourceTree = SDKROOT; };
		2892E40F0DC94CBA00A64D0F /* CoreGraphics.framework */ = {isa = PBXFileReference; lastKnownFileType = wrapper.framework; name = CoreGraphics.framework; path = System/Library/Frameworks/CoreGraphics.framework; sourceTree = SDKROOT; };
		2899E55F0DE3E45000AC0155 /* RootViewController.xib */ = {isa = PBXFileReference; lastKnownFileType = file.xib; path = RootViewController.xib; sourceTree = "<group>"; };
		28A0AAE50D9B0CCF005BE974 /* iTgLegacy2_Prefix.pch */ = {isa = PBXFileReference; fileEncoding = 4; lastKnownFileType = sourcecode.c.h; path = iTgLegacy2_Prefix.pch; sourceTree = "<group>"; };
		28AD735F0D9D9599002E5188 /* MainWindow.xib */ = {isa = PBXFileReference; lastKnownFileType = file.xib; path = MainWindow.xib; sourceTree = "<group>"; };
		28C286DF0D94DF7D0034E888 /* RootViewController.h */ = {isa = PBXFileReference; fileEncoding = 4; lastKnownFileType = sourcecode.c.h; path = RootViewController.h; sourceTree = "<group>"; };
		28C286E00D94DF7D0034E888 /* RootViewController.m */ = {isa = PBXFileReference; fileEncoding = 4; lastKnownFileType = sourcecode.c.objc; path = RootViewController.m; sourceTree = "<group>"; };
		29B97316FDCFA39411CA2CEA /* main.m */ = {isa = PBXFileReference; fileEncoding = 4; lastKnownFileType = sourcecode.c.objc; path = main.m; sourceTree = "<group>"; };
		8D1107310486CEB800E47090 /* Info.plist */ = {isa = PBXFileReference; fileEncoding = 4; lastKnownFileType = text.plist.xml; path = Info.plist; sourceTree = "<group>"; };
		AFAF28512E90EEA400AF3E67 /* CoreData.framework */ = {isa = PBXFileReference; lastKnownFileType = wrapper.framework; name = CoreData.framework; path = System/Library/Frameworks/CoreData.framework; sourceTree = SDKROOT; };
		AFAF28692E90F07B00AF3E67 /* tg.xcdatamodel */ = {isa = PBXFileReference; fileEncoding = 4; lastKnownFileType = wrapper.xcdatamodel; path = tg.xcdatamodel; sourceTree = "<group>"; };
		AFAF286D2E91038300AF3E67 /* Message.h */ = {isa = PBXFileReference; fileEncoding = 4; lastKnownFileType = sourcecode.c.h; path = Message.h; sourceTree = "<group>"; };
		AFAF286E2E91038300AF3E67 /* Message.m */ = {isa = PBXFileReference; fileEncoding = 4; lastKnownFileType = sourcecode.c.objc; path = Message.m; sourceTree = "<group>"; };
		AFAF287D2E91053800AF3E67 /* MessageAction.h */ = {isa = PBXFileReference; fileEncoding = 4; lastKnownFileType = sourcecode.c.h; path = MessageAction.h; sourceTree = "<group>"; };
		AFAF287E2E91053800AF3E67 /* MessageAction.m */ = {isa = PBXFileReference; fileEncoding = 4; lastKnownFileType = sourcecode.c.objc; path = MessageAction.m; sourceTree = "<group>"; };
		AFAF28802E91058B00AF3E67 /* Peer.h */ = {isa = PBXFileReference; fileEncoding = 4; lastKnownFileType = sourcecode.c.h; path = Peer.h; sourceTree = "<group>"; };
		AFAF28812E91058B00AF3E67 /* Peer.m */ = {isa = PBXFileReference; fileEncoding = 4; lastKnownFileType = sourcecode.c.objc; path = Peer.m; sourceTree = "<group>"; };
		AFAF28892E91060100AF3E67 /* Dialog.h */ = {isa = PBXFileReference; fileEncoding = 4; lastKnownFileType = sourcecode.c.h; path = Dialog.h; sourceTree = "<group>"; };
		AFAF288A2E91060100AF3E67 /* Dialog.m */ = {isa = PBXFileReference; fileEncoding = 4; lastKnownFileType = sourcecode.c.objc; path = Dialog.m; sourceTree = "<group>"; };
		AFAF288E2E91066500AF3E67 /* ChatPhoto.h */ = {isa = PBXFileReference; fileEncoding = 4; lastKnownFileType = sourcecode.c.h; path = ChatPhoto.h; sourceTree = "<group>"; };
		AFAF288F2E91066500AF3E67 /* ChatPhoto.m */ = {isa = PBXFileReference; fileEncoding = 4; lastKnownFileType = sourcecode.c.objc; path = ChatPhoto.m; sourceTree = "<group>"; };
		AFDFE2822E95C61D00F93B60 /* pub.pkcs */ = {isa = PBXFileReference; fileEncoding = 4; lastKnownFileType = text; name = pub.pkcs; path = libtg2/pub.pkcs; sourceTree = "<group>"; };
		AFDFE2862E95C6C800F93B60 /* ConnectionManager.h */ = {isa = PBXFileReference; fileEncoding = 4; lastKnownFileType = sourcecode.c.h; path = ConnectionManager.h; sourceTree = "<group>"; };
		AFDFE2872E95C6C800F93B60 /* ConnectionManager.m */ = {isa = PBXFileReference; fileEncoding = 4; lastKnownFileType = sourcecode.c.objc; path = ConnectionManager.m; sourceTree = "<group>"; };
		AFE770F32E95C05E006B1E79 /* libmtx.a */ = {isa = PBXFileReference; explicitFileType = archive.ar; includeInIndex = 0; path = libmtx.a; sourceTree = BUILT_PRODUCTS_DIR; };
		AFE771042E95C0D5006B1E79 /* clock_gettime.c */ = {isa = PBXFileReference; fileEncoding = 4; lastKnownFileType = sourcecode.c.c; name = clock_gettime.c; path = "libtg2/mtx/darwin-posix-rt/clock_gettime.c"; sourceTree = "<group>"; };
		AFE771062E95C0E5006B1E79 /* tgt.c */ = {isa = PBXFileReference; fileEncoding = 4; lastKnownFileType = sourcecode.c.c; name = tgt.c; path = libtg2/mtx/src/tgt.c; sourceTree = "<group>"; };
		AFE771072E95C0E5006B1E79 /* buf.c */ = {isa = PBXFileReference; fileEncoding = 4; lastKnownFileType = sourcecode.c.c; name = buf.c; path = libtg2/mtx/src/buf.c; sourceTree = "<group>"; };
		AFE771082E95C0E5006B1E79 /* app.c */ = {isa = PBXFileReference; fileEncoding = 4; lastKnownFileType = sourcecode.c.c; name = app.c; path = libtg2/mtx/src/app.c; sourceTree = "<group>"; };
		AFE771092E95C0E5006B1E79 /* api.c */ = {isa = PBXFileReference; fileEncoding = 4; lastKnownFileType = sourcecode.c.c; name = api.c; path = libtg2/mtx/src/api.c; sourceTree = "<group>"; };
		AFE7710A2E95C0E5006B1E79 /* aes.c */ = {isa = PBXFileReference; fileEncoding = 4; lastKnownFileType = sourcecode.c.c; name = aes.c; path = libtg2/mtx/src/aes.c; sourceTree = "<group>"; };
		AFE7710B2E95C0E5006B1E79 /* fact.cpp */ = {isa = PBXFileReference; fileEncoding = 4; lastKnownFileType = sourcecode.cpp.cpp; name = fact.cpp; path = libtg2/mtx/src/fact.cpp; sourceTree = "<group>"; };
		AFE7710C2E95C0E5006B1E79 /* enl.c */ = {isa = PBXFileReference; fileEncoding = 4; lastKnownFileType = sourcecode.c.c; name = enl.c; path = libtg2/mtx/src/enl.c; sourceTree = "<group>"; };
		AFE7710D2E95C0E5006B1E79 /* types.c */ = {isa = PBXFileReference; fileEncoding = 4; lastKnownFileType = sourcecode.c.c; name = types.c; path = libtg2/mtx/src/types.c; sourceTree = "<group>"; };
		AFE7710E2E95C0E5006B1E79 /* trl.c */ = {isa = PBXFileReference; fileEncoding = 4; lastKnownFileType = sourcecode.c.c; name = trl.c; path = libtg2/mtx/src/trl.c; sourceTree = "<group>"; };
		AFE7710F2E95C0E5006B1E79 /* tml.c */ = {isa = PBXFileReference; fileEncoding = 4; lastKnownFileType = sourcecode.c.c; name = tml.c; path = libtg2/mtx/src/tml.c; sourceTree = "<group>"; };
		AFE771102E95C0E5006B1E79 /* stk.c */ = {isa = PBXFileReference; fileEncoding = 4; lastKnownFileType = sourcecode.c.c; name = stk.c; path = libtg2/mtx/src/stk.c; sourceTree = "<group>"; };
		AFE771112E95C0E5006B1E79 /* std.c */ = {isa = PBXFileReference; fileEncoding = 4; lastKnownFileType = sourcecode.c.c; name = std.c; path = libtg2/mtx/src/std.c; sourceTree = "<group>"; };
		AFE771122E95C0E5006B1E79 /* srl.c */ = {isa = PBXFileReference; fileEncoding = 4; lastKnownFileType = sourcecode.c.c; name = srl.c; path = libtg2/mtx/src/srl.c; sourceTree = "<group>"; };
		AFE771132E95C0E5006B1E79 /* sil.c */ = {isa = PBXFileReference; fileEncoding = 4; lastKnownFileType = sourcecode.c.c; name = sil.c; path = libtg2/mtx/src/sil.c; sourceTree = "<group>"; };
		AFE771142E95C0E5006B1E79 /* sha256.c */ = {isa = PBXFileReference; fileEncoding = 4; lastKnownFileType = sourcecode.c.c; name = sha256.c; path = libtg2/mtx/src/sha256.c; sourceTree = "<group>"; };
		AFE771152E95C0E5006B1E79 /* sha1.c */ = {isa = PBXFileReference; fileEncoding = 4; lastKnownFileType = sourcecode.c.c; name = sha1.c; path = libtg2/mtx/src/sha1.c; sourceTree = "<group>"; };
		AFE771162E95C0E5006B1E79 /* sel.c */ = {isa = PBXFileReference; fileEncoding = 4; lastKnownFileType = sourcecode.c.c; name = sel.c; path = libtg2/mtx/src/sel.c; sourceTree = "<group>"; };
		AFE771172E95C0E5006B1E79 /* scl.c */ = {isa = PBXFileReference; fileEncoding = 4; lastKnownFileType = sourcecode.c.c; name = scl.c; path = libtg2/mtx/src/scl.c; sourceTree = "<group>"; };
		AFE771182E95C0E5006B1E79 /* rsa.c */ = {isa = PBXFileReference; fileEncoding = 4; lastKnownFileType = sourcecode.c.c; name = rsa.c; path = libtg2/mtx/src/rsa.c; sourceTree = "<group>"; };
		AFE771192E95C0E5006B1E79 /* rfc.c */ = {isa = PBXFileReference; fileEncoding = 4; lastKnownFileType = sourcecode.c.c; name = rfc.c; path = libtg2/mtx/src/rfc.c; sourceTree = "<group>"; };
		AFE7711A2E95C0E5006B1E79 /* net.c */ = {isa = PBXFileReference; fileEncoding = 4; lastKnownFileType = sourcecode.c.c; name = net.c; path = libtg2/mtx/src/net.c; sourceTree = "<group>"; };
		AFE7711B2E95C0E5006B1E79 /* log.c */ = {isa = PBXFileReference; fileEncoding = 4; lastKnownFileType = sourcecode.c.c; name = log.c; path = libtg2/mtx/src/log.c; sourceTree = "<group>"; };
		AFE7711C2E95C0E5006B1E79 /* hsh.c */ = {isa = PBXFileReference; fileEncoding = 4; lastKnownFileType = sourcecode.c.c; name = hsh.c; path = libtg2/mtx/src/hsh.c; sourceTree = "<group>"; };
		AFE7711D2E95C0E5006B1E79 /* hdl.c */ = {isa = PBXFileReference; fileEncoding = 4; lastKnownFileType = sourcecode.c.c; name = hdl.c; path = libtg2/mtx/src/hdl.c; sourceTree = "<group>"; };
		AFE7711E2E95C0E5006B1E79 /* cry.c */ = {isa = PBXFileReference; fileEncoding = 4; lastKnownFileType = sourcecode.c.c; name = cry.c; path = libtg2/mtx/src/cry.c; sourceTree = "<group>"; };
		AFE7711F2E95C0E5006B1E79 /* crc.c */ = {isa = PBXFileReference; fileEncoding = 4; lastKnownFileType = sourcecode.c.c; name = crc.c; path = libtg2/mtx/src/crc.c; sourceTree = "<group>"; };
		AFE771202E95C0E5006B1E79 /* cmn.c */ = {isa = PBXFileReference; fileEncoding = 4; lastKnownFileType = sourcecode.c.c; name = cmn.c; path = libtg2/mtx/src/cmn.c; sourceTree = "<group>"; };
		AFE771442E95C120006B1E79 /* libcrypto.a */ = {isa = PBXFileReference; lastKnownFileType = archive.ar; name = libcrypto.a; path = libs/libcrypto.a; sourceTree = "<group>"; };
		AFE771562E95C261006B1E79 /* tests.h */ = {isa = PBXFileReference; fileEncoding = 4; lastKnownFileType = sourcecode.c.h; path = tests.h; sourceTree = "<group>"; };
		AFE771572E95C261006B1E79 /* tests.m */ = {isa = PBXFileReference; fileEncoding = 4; lastKnownFileType = sourcecode.c.objc; path = tests.m; sourceTree = "<group>"; };
		AFE7717E2E95C375006B1E79 /* libstdc++.6.dylib */ = {isa = PBXFileReference; lastKnownFileType = "compiled.mach-o.dylib"; name = "libstdc++.6.dylib"; path = "usr/lib/libstdc++.6.dylib"; sourceTree = SDKROOT; };
		AFE771822E95C3A7006B1E79 /* libz.dylib */ = {isa = PBXFileReference; lastKnownFileType = "compiled.mach-o.dylib"; name = libz.dylib; path = usr/lib/libz.dylib; sourceTree = SDKROOT; };
/* End PBXFileReference section */

/* Begin PBXFrameworksBuildPhase section */
		1D60588F0D05DD3D006BFB54 /* Frameworks */ = {
			isa = PBXFrameworksBuildPhase;
			buildActionMask = 2147483647;
			files = (
				1D60589F0D05DD5A006BFB54 /* Foundation.framework in Frameworks */,
				1DF5F4E00D08C38300B7A737 /* UIKit.framework in Frameworks */,
				2892E4100DC94CBA00A64D0F /* CoreGraphics.framework in Frameworks */,
				AFAF28522E90EEA400AF3E67 /* CoreData.framework in Frameworks */,
				AFE771012E95C092006B1E79 /* libmtx.a in Frameworks */,
				AFE771452E95C120006B1E79 /* libcrypto.a in Frameworks */,
				AFE7717F2E95C375006B1E79 /* libstdc++.6.dylib in Frameworks */,
				AFE771832E95C3A7006B1E79 /* libz.dylib in Frameworks */,
			);
			runOnlyForDeploymentPostprocessing = 0;
		};
		AFE770F12E95C05E006B1E79 /* Frameworks */ = {
			isa = PBXFrameworksBuildPhase;
			buildActionMask = 2147483647;
			files = (
			);
			runOnlyForDeploymentPostprocessing = 0;
		};
/* End PBXFrameworksBuildPhase section */

/* Begin PBXGroup section */
		080E96DDFE201D6D7F000001 /* Classes */ = {
			isa = PBXGroup;
			children = (
				AFDFE2862E95C6C800F93B60 /* ConnectionManager.h */,
				AFDFE2872E95C6C800F93B60 /* ConnectionManager.m */,
				AFAF28C32E9108E200AF3E67 /* CoreData */,
				1D3623240D0F684500981E51 /* iTgLegacy2AppDelegate.h */,
				1D3623250D0F684500981E51 /* iTgLegacy2AppDelegate.m */,
			);
			path = Classes;
			sourceTree = "<group>";
		};
		19C28FACFE9D520D11CA2CBB /* Products */ = {
			isa = PBXGroup;
			children = (
				1D6058910D05DD3D006BFB54 /* iTgLegacy2.app */,
				AFE770F32E95C05E006B1E79 /* libmtx.a */,
			);
			name = Products;
			sourceTree = "<group>";
		};
		29B97314FDCFA39411CA2CEA /* CustomTemplate */ = {
			isa = PBXGroup;
			children = (
				AFE771552E95C250006B1E79 /* tests */,
				AFE771032E95C0AF006B1E79 /* mtx */,
				AFAF28542E90EEAF00AF3E67 /* Models */,
				080E96DDFE201D6D7F000001 /* Classes */,
				29B97315FDCFA39411CA2CEA /* Other Sources */,
				29B97317FDCFA39411CA2CEA /* Resources */,
				29B97323FDCFA39411CA2CEA /* Frameworks */,
				19C28FACFE9D520D11CA2CBB /* Products */,
			);
			name = CustomTemplate;
			sourceTree = "<group>";
		};
		29B97315FDCFA39411CA2CEA /* Other Sources */ = {
			isa = PBXGroup;
			children = (
				28A0AAE50D9B0CCF005BE974 /* iTgLegacy2_Prefix.pch */,
				29B97316FDCFA39411CA2CEA /* main.m */,
			);
			name = "Other Sources";
			sourceTree = "<group>";
		};
		29B97317FDCFA39411CA2CEA /* Resources */ = {
			isa = PBXGroup;
			children = (
				AFDFE2822E95C61D00F93B60 /* pub.pkcs */,
				2899E55F0DE3E45000AC0155 /* RootViewController.xib */,
				28AD735F0D9D9599002E5188 /* MainWindow.xib */,
				8D1107310486CEB800E47090 /* Info.plist */,
			);
			name = Resources;
			sourceTree = "<group>";
		};
		29B97323FDCFA39411CA2CEA /* Frameworks */ = {
			isa = PBXGroup;
			children = (
				AFE771822E95C3A7006B1E79 /* libz.dylib */,
				AFE7717E2E95C375006B1E79 /* libstdc++.6.dylib */,
				AFE771442E95C120006B1E79 /* libcrypto.a */,
				AFAF28512E90EEA400AF3E67 /* CoreData.framework */,
				2892E40F0DC94CBA00A64D0F /* CoreGraphics.framework */,
				1DF5F4DF0D08C38300B7A737 /* UIKit.framework */,
				1D30AB110D05D00D00671497 /* Foundation.framework */,
			);
			name = Frameworks;
			sourceTree = "<group>";
		};
		AFAF28542E90EEAF00AF3E67 /* Models */ = {
			isa = PBXGroup;
			children = (
				AFAF28692E90F07B00AF3E67 /* tg.xcdatamodel */,
			);
			name = Models;
			sourceTree = "<group>";
		};
		AFAF28C32E9108E200AF3E67 /* CoreData */ = {
			isa = PBXGroup;
			children = (
				28C286DF0D94DF7D0034E888 /* RootViewController.h */,
				28C286E00D94DF7D0034E888 /* RootViewController.m */,
				AFAF286D2E91038300AF3E67 /* Message.h */,
				AFAF286E2E91038300AF3E67 /* Message.m */,
				AFAF287D2E91053800AF3E67 /* MessageAction.h */,
				AFAF287E2E91053800AF3E67 /* MessageAction.m */,
				AFAF28802E91058B00AF3E67 /* Peer.h */,
				AFAF28812E91058B00AF3E67 /* Peer.m */,
				AFAF28892E91060100AF3E67 /* Dialog.h */,
				AFAF288A2E91060100AF3E67 /* Dialog.m */,
				AFAF288E2E91066500AF3E67 /* ChatPhoto.h */,
				AFAF288F2E91066500AF3E67 /* ChatPhoto.m */,
			);
			name = CoreData;
			sourceTree = "<group>";
		};
		AFE771032E95C0AF006B1E79 /* mtx */ = {
			isa = PBXGroup;
			children = (
				AFE771042E95C0D5006B1E79 /* clock_gettime.c */,
				AFE771062E95C0E5006B1E79 /* tgt.c */,
				AFE771072E95C0E5006B1E79 /* buf.c */,
				AFE771082E95C0E5006B1E79 /* app.c */,
				AFE771092E95C0E5006B1E79 /* api.c */,
				AFE7710A2E95C0E5006B1E79 /* aes.c */,
				AFE7710B2E95C0E5006B1E79 /* fact.cpp */,
				AFE7710C2E95C0E5006B1E79 /* enl.c */,
				AFE7710D2E95C0E5006B1E79 /* types.c */,
				AFE7710E2E95C0E5006B1E79 /* trl.c */,
				AFE7710F2E95C0E5006B1E79 /* tml.c */,
				AFE771102E95C0E5006B1E79 /* stk.c */,
				AFE771112E95C0E5006B1E79 /* std.c */,
				AFE771122E95C0E5006B1E79 /* srl.c */,
				AFE771132E95C0E5006B1E79 /* sil.c */,
				AFE771142E95C0E5006B1E79 /* sha256.c */,
				AFE771152E95C0E5006B1E79 /* sha1.c */,
				AFE771162E95C0E5006B1E79 /* sel.c */,
				AFE771172E95C0E5006B1E79 /* scl.c */,
				AFE771182E95C0E5006B1E79 /* rsa.c */,
				AFE771192E95C0E5006B1E79 /* rfc.c */,
				AFE7711A2E95C0E5006B1E79 /* net.c */,
				AFE7711B2E95C0E5006B1E79 /* log.c */,
				AFE7711C2E95C0E5006B1E79 /* hsh.c */,
				AFE7711D2E95C0E5006B1E79 /* hdl.c */,
				AFE7711E2E95C0E5006B1E79 /* cry.c */,
				AFE7711F2E95C0E5006B1E79 /* crc.c */,
				AFE771202E95C0E5006B1E79 /* cmn.c */,
			);
			name = mtx;
			sourceTree = "<group>";
		};
		AFE771552E95C250006B1E79 /* tests */ = {
			isa = PBXGroup;
			children = (
				AFE771562E95C261006B1E79 /* tests.h */,
				AFE771572E95C261006B1E79 /* tests.m */,
			);
			name = tests;
			sourceTree = "<group>";
		};
/* End PBXGroup section */

/* Begin PBXHeadersBuildPhase section */
		AFE770EF2E95C05E006B1E79 /* Headers */ = {
			isa = PBXHeadersBuildPhase;
			buildActionMask = 2147483647;
			files = (
			);
			runOnlyForDeploymentPostprocessing = 0;
		};
/* End PBXHeadersBuildPhase section */

/* Begin PBXNativeTarget section */
		1D6058900D05DD3D006BFB54 /* iTgLegacy2 */ = {
			isa = PBXNativeTarget;
			buildConfigurationList = 1D6058960D05DD3E006BFB54 /* Build configuration list for PBXNativeTarget "iTgLegacy2" */;
			buildPhases = (
				1D60588D0D05DD3D006BFB54 /* Resources */,
				1D60588E0D05DD3D006BFB54 /* Sources */,
				1D60588F0D05DD3D006BFB54 /* Frameworks */,
			);
			buildRules = (
			);
			dependencies = (
				AFE771002E95C08E006B1E79 /* PBXTargetDependency */,
			);
			name = iTgLegacy2;
			productName = iTgLegacy2;
			productReference = 1D6058910D05DD3D006BFB54 /* iTgLegacy2.app */;
			productType = "com.apple.product-type.application";
		};
		AFE770F22E95C05E006B1E79 /* mtx */ = {
			isa = PBXNativeTarget;
			buildConfigurationList = AFE770FE2E95C074006B1E79 /* Build configuration list for PBXNativeTarget "mtx" */;
			buildPhases = (
				AFE770EF2E95C05E006B1E79 /* Headers */,
				AFE770F02E95C05E006B1E79 /* Sources */,
				AFE770F12E95C05E006B1E79 /* Frameworks */,
			);
			buildRules = (
			);
			dependencies = (
			);
			name = mtx;
			productName = mtx;
			productReference = AFE770F32E95C05E006B1E79 /* libmtx.a */;
			productType = "com.apple.product-type.library.static";
		};
/* End PBXNativeTarget section */

/* Begin PBXProject section */
		29B97313FDCFA39411CA2CEA /* Project object */ = {
			isa = PBXProject;
			buildConfigurationList = C01FCF4E08A954540054247B /* Build configuration list for PBXProject "iTgLegacy2" */;
			compatibilityVersion = "Xcode 3.1";
			hasScannedForEncodings = 1;
			knownRegions = (
				English,
				Japanese,
				French,
				German,
				en,
			);
			mainGroup = 29B97314FDCFA39411CA2CEA /* CustomTemplate */;
			projectDirPath = "";
			projectRoot = "";
			targets = (
				1D6058900D05DD3D006BFB54 /* iTgLegacy2 */,
				AFE770F22E95C05E006B1E79 /* mtx */,
			);
		};
/* End PBXProject section */

/* Begin PBXResourcesBuildPhase section */
		1D60588D0D05DD3D006BFB54 /* Resources */ = {
			isa = PBXResourcesBuildPhase;
			buildActionMask = 2147483647;
			files = (
				28AD73600D9D9599002E5188 /* MainWindow.xib in Resources */,
				2899E5600DE3E45000AC0155 /* RootViewController.xib in Resources */,
				AFDFE2832E95C61D00F93B60 /* pub.pkcs in Resources */,
			);
			runOnlyForDeploymentPostprocessing = 0;
		};
/* End PBXResourcesBuildPhase section */

/* Begin PBXSourcesBuildPhase section */
		1D60588E0D05DD3D006BFB54 /* Sources */ = {
			isa = PBXSourcesBuildPhase;
			buildActionMask = 2147483647;
			files = (
				1D60589B0D05DD56006BFB54 /* main.m in Sources */,
				1D3623260D0F684500981E51 /* iTgLegacy2AppDelegate.m in Sources */,
				28C286E10D94DF7D0034E888 /* RootViewController.m in Sources */,
				AFAF286A2E90F07B00AF3E67 /* tg.xcdatamodel in Sources */,
				AFAF286F2E91038300AF3E67 /* Message.m in Sources */,
				AFAF287F2E91053800AF3E67 /* MessageAction.m in Sources */,
				AFAF28822E91058B00AF3E67 /* Peer.m in Sources */,
				AFAF288B2E91060100AF3E67 /* Dialog.m in Sources */,
				AFAF28902E91066500AF3E67 /* ChatPhoto.m in Sources */,
				AFE771582E95C261006B1E79 /* tests.m in Sources */,
				AFDFE2882E95C6C800F93B60 /* ConnectionManager.m in Sources */,
			);
			runOnlyForDeploymentPostprocessing = 0;
		};
		AFE770F02E95C05E006B1E79 /* Sources */ = {
			isa = PBXSourcesBuildPhase;
			buildActionMask = 2147483647;
			files = (
				AFE771052E95C0D5006B1E79 /* clock_gettime.c in Sources */,
				AFE771212E95C0E5006B1E79 /* tgt.c in Sources */,
				AFE771222E95C0E5006B1E79 /* buf.c in Sources */,
				AFE771232E95C0E5006B1E79 /* app.c in Sources */,
				AFE771242E95C0E5006B1E79 /* api.c in Sources */,
				AFE771252E95C0E5006B1E79 /* aes.c in Sources */,
				AFE771262E95C0E5006B1E79 /* fact.cpp in Sources */,
				AFE771272E95C0E5006B1E79 /* enl.c in Sources */,
				AFE771282E95C0E5006B1E79 /* types.c in Sources */,
				AFE771292E95C0E5006B1E79 /* trl.c in Sources */,
				AFE7712A2E95C0E5006B1E79 /* tml.c in Sources */,
				AFE7712B2E95C0E5006B1E79 /* stk.c in Sources */,
				AFE7712C2E95C0E5006B1E79 /* std.c in Sources */,
				AFE7712D2E95C0E5006B1E79 /* srl.c in Sources */,
				AFE7712E2E95C0E5006B1E79 /* sil.c in Sources */,
				AFE7712F2E95C0E5006B1E79 /* sha256.c in Sources */,
				AFE771302E95C0E5006B1E79 /* sha1.c in Sources */,
				AFE771312E95C0E5006B1E79 /* sel.c in Sources */,
				AFE771322E95C0E5006B1E79 /* scl.c in Sources */,
				AFE771332E95C0E5006B1E79 /* rsa.c in Sources */,
				AFE771342E95C0E5006B1E79 /* rfc.c in Sources */,
				AFE771352E95C0E5006B1E79 /* net.c in Sources */,
				AFE771362E95C0E5006B1E79 /* log.c in Sources */,
				AFE771372E95C0E5006B1E79 /* hsh.c in Sources */,
				AFE771382E95C0E5006B1E79 /* hdl.c in Sources */,
				AFE771392E95C0E5006B1E79 /* cry.c in Sources */,
				AFE7713A2E95C0E5006B1E79 /* crc.c in Sources */,
				AFE7713B2E95C0E5006B1E79 /* cmn.c in Sources */,
			);
			runOnlyForDeploymentPostprocessing = 0;
		};
/* End PBXSourcesBuildPhase section */

/* Begin PBXTargetDependency section */
		AFE771002E95C08E006B1E79 /* PBXTargetDependency */ = {
			isa = PBXTargetDependency;
			target = AFE770F22E95C05E006B1E79 /* mtx */;
			targetProxy = AFE770FF2E95C08E006B1E79 /* PBXContainerItemProxy */;
		};
/* End PBXTargetDependency section */

/* Begin XCBuildConfiguration section */
		1D6058940D05DD3E006BFB54 /* Debug */ = {
			isa = XCBuildConfiguration;
			buildSettings = {
				ALWAYS_SEARCH_USER_PATHS = NO;
				COPY_PHASE_STRIP = NO;
				GCC_DYNAMIC_NO_PIC = NO;
				GCC_OPTIMIZATION_LEVEL = 0;
				GCC_PRECOMPILE_PREFIX_HEADER = YES;
				GCC_PREFIX_HEADER = iTgLegacy2_Prefix.pch;
				INFOPLIST_FILE = Info.plist;
				LIBRARY_SEARCH_PATHS = (
					"$(inherited)",
					"\"$(SRCROOT)/build/Debug-iphonesimulator\"",
					"\"$(SRCROOT)/libs\"",
				);
				PRODUCT_NAME = iTgLegacy2;
			};
			name = Debug;
		};
		1D6058950D05DD3E006BFB54 /* Release */ = {
			isa = XCBuildConfiguration;
			buildSettings = {
				ALWAYS_SEARCH_USER_PATHS = NO;
				COPY_PHASE_STRIP = YES;
				GCC_PRECOMPILE_PREFIX_HEADER = YES;
				GCC_PREFIX_HEADER = iTgLegacy2_Prefix.pch;
				INFOPLIST_FILE = Info.plist;
				LIBRARY_SEARCH_PATHS = (
					"$(inherited)",
					"\"$(SRCROOT)/build/Debug-iphonesimulator\"",
					"\"$(SRCROOT)/libs\"",
				);
				PRODUCT_NAME = iTgLegacy2;
			};
			name = Release;
		};
		AFE770F42E95C05E006B1E79 /* Debug */ = {
			isa = XCBuildConfiguration;
			buildSettings = {
				ALWAYS_SEARCH_USER_PATHS = NO;
				COPY_PHASE_STRIP = NO;
				GCC_DYNAMIC_NO_PIC = NO;
				GCC_OPTIMIZATION_LEVEL = 0;
				LIBRARY_SEARCH_PATHS = (
					"$(inherited)",
					"\"$(SRCROOT)/libs\"",
				);
				PREBINDING = NO;
				PRODUCT_NAME = mtx;
			};
			name = Debug;
		};
		AFE770F52E95C05E006B1E79 /* Release */ = {
			isa = XCBuildConfiguration;
			buildSettings = {
				ALWAYS_SEARCH_USER_PATHS = NO;
				COPY_PHASE_STRIP = YES;
				DEBUG_INFORMATION_FORMAT = "dwarf-with-dsym";
				GCC_ENABLE_FIX_AND_CONTINUE = NO;
				LIBRARY_SEARCH_PATHS = (
					"$(inherited)",
					"\"$(SRCROOT)/libs\"",
				);
				PREBINDING = NO;
				PRODUCT_NAME = mtx;
				ZERO_LINK = NO;
			};
			name = Release;
		};
		C01FCF4F08A954540054247B /* Debug */ = {
			isa = XCBuildConfiguration;
			buildSettings = {
				ARCHS = "$(ARCHS_STANDARD_32_BIT)";
				"CODE_SIGN_IDENTITY[sdk=iphoneos*]" = "iPhone Developer";
				GCC_C_LANGUAGE_STANDARD = c99;
				GCC_WARN_ABOUT_RETURN_TYPE = YES;
				GCC_WARN_UNUSED_VARIABLE = YES;
				HEADER_SEARCH_PATHS = "${PROJECT_DIR}/libtg2/essential";
				ONLY_ACTIVE_ARCH = YES;
				OTHER_CFLAGS = "";
				PREBINDING = NO;
				SDKROOT = iphoneos2.0;
			};
			name = Debug;
		};
		C01FCF5008A954540054247B /* Release */ = {
			isa = XCBuildConfiguration;
			buildSettings = {
				ARCHS = "$(ARCHS_STANDARD_32_BIT)";
				"CODE_SIGN_IDENTITY[sdk=iphoneos*]" = "iPhone Developer";
				GCC_C_LANGUAGE_STANDARD = c99;
				GCC_WARN_ABOUT_RETURN_TYPE = YES;
				GCC_WARN_UNUSED_VARIABLE = YES;
				HEADER_SEARCH_PATHS = "${PROJECT_DIR}/libtg2/essential";
				OTHER_CFLAGS = "";
				PREBINDING = NO;
				SDKROOT = iphoneos2.0;
			};
			name = Release;
		};
/* End XCBuildConfiguration section */

/* Begin XCConfigurationList section */
		1D6058960D05DD3E006BFB54 /* Build configuration list for PBXNativeTarget "iTgLegacy2" */ = {
			isa = XCConfigurationList;
			buildConfigurations = (
				1D6058940D05DD3E006BFB54 /* Debug */,
				1D6058950D05DD3E006BFB54 /* Release */,
			);
			defaultConfigurationIsVisible = 0;
			defaultConfigurationName = Release;
		};
		AFE770FE2E95C074006B1E79 /* Build configuration list for PBXNativeTarget "mtx" */ = {
			isa = XCConfigurationList;
			buildConfigurations = (
				AFE770F42E95C05E006B1E79 /* Debug */,
				AFE770F52E95C05E006B1E79 /* Release */,
			);
			defaultConfigurationIsVisible = 0;
			defaultConfigurationName = Release;
		};
		C01FCF4E08A954540054247B /* Build configuration list for PBXProject "iTgLegacy2" */ = {
			isa = XCConfigurationList;
			buildConfigurations = (
				C01FCF4F08A954540054247B /* Debug */,
				C01FCF5008A954540054247B /* Release */,
			);
			defaultConfigurationIsVisible = 0;
			defaultConfigurationName = Release;
		};
/* End XCConfigurationList section */
	};
	rootObject = 29B97313FDCFA39411CA2CEA /* Project object */;
}
